// !$*UTF8*$!
{
	archiveVersion = 1;
	classes = {
	};
	objectVersion = 46;
	objects = {

/* Begin PBXBuildFile section */
		8693A0F51EF3178B00F6B88E /* AddNoteTableViewController.swift in Sources */ = {isa = PBXBuildFile; fileRef = 8693A0F41EF3178B00F6B88E /* AddNoteTableViewController.swift */; };
		8693A0F71EF31A8C00F6B88E /* AddNoteRouter.swift in Sources */ = {isa = PBXBuildFile; fileRef = 8693A0F61EF31A8C00F6B88E /* AddNoteRouter.swift */; };
		86A8F3C11EF0DDEF00635048 /* Assets.xcassets in Resources */ = {isa = PBXBuildFile; fileRef = 86A8F3A61EF0DDEF00635048 /* Assets.xcassets */; };
		86A8F3C21EF0DDEF00635048 /* LaunchScreen.storyboard in Resources */ = {isa = PBXBuildFile; fileRef = 86A8F3A71EF0DDEF00635048 /* LaunchScreen.storyboard */; };
		86A8F3C31EF0DDEF00635048 /* Main.storyboard in Resources */ = {isa = PBXBuildFile; fileRef = 86A8F3A91EF0DDEF00635048 /* Main.storyboard */; };
		86A8F3C41EF0DDEF00635048 /* AppDelegate.swift in Sources */ = {isa = PBXBuildFile; fileRef = 86A8F3AC1EF0DDEF00635048 /* AppDelegate.swift */; };
		86A8F3C51EF0DDEF00635048 /* NoteLocalData.swift in Sources */ = {isa = PBXBuildFile; fileRef = 86A8F3AE1EF0DDEF00635048 /* NoteLocalData.swift */; };
		86A8F3C61EF0DDEF00635048 /* Info.plist in Resources */ = {isa = PBXBuildFile; fileRef = 86A8F3B01EF0DDEF00635048 /* Info.plist */; };
		86A8F3C71EF0DDEF00635048 /* NoteInteractor.swift in Sources */ = {isa = PBXBuildFile; fileRef = 86A8F3B21EF0DDEF00635048 /* NoteInteractor.swift */; };
		86A8F3C81EF0DDEF00635048 /* NotePresenter.swift in Sources */ = {isa = PBXBuildFile; fileRef = 86A8F3B41EF0DDEF00635048 /* NotePresenter.swift */; };
		86A8F3C91EF0DDEF00635048 /* NoteFormProtocol.swift in Sources */ = {isa = PBXBuildFile; fileRef = 86A8F3B61EF0DDEF00635048 /* NoteFormProtocol.swift */; };
		86A8F3CA1EF0DDEF00635048 /* NoteInteractorProtocol.swift in Sources */ = {isa = PBXBuildFile; fileRef = 86A8F3B71EF0DDEF00635048 /* NoteInteractorProtocol.swift */; };
		86A8F3CB1EF0DDEF00635048 /* NoteLocalDataProtocol.swift in Sources */ = {isa = PBXBuildFile; fileRef = 86A8F3B81EF0DDEF00635048 /* NoteLocalDataProtocol.swift */; };
		86A8F3CC1EF0DDEF00635048 /* NotePresenterProtocol.swift in Sources */ = {isa = PBXBuildFile; fileRef = 86A8F3B91EF0DDEF00635048 /* NotePresenterProtocol.swift */; };
		86A8F3CD1EF0DDEF00635048 /* NoteRouterProtocol.swift in Sources */ = {isa = PBXBuildFile; fileRef = 86A8F3BA1EF0DDEF00635048 /* NoteRouterProtocol.swift */; };
		86A8F3CE1EF0DDEF00635048 /* NoteRouter.swift in Sources */ = {isa = PBXBuildFile; fileRef = 86A8F3BC1EF0DDEF00635048 /* NoteRouter.swift */; };
		86A8F3CF1EF0DDEF00635048 /* SampleIosAppViper.xcdatamodeld in Sources */ = {isa = PBXBuildFile; fileRef = 86A8F3BD1EF0DDEF00635048 /* SampleIosAppViper.xcdatamodeld */; };
		86A8F3D01EF0DDEF00635048 /* NoteTableViewController.swift in Sources */ = {isa = PBXBuildFile; fileRef = 86A8F3C01EF0DDEF00635048 /* NoteTableViewController.swift */; };
/* End PBXBuildFile section */

/* Begin PBXFileReference section */
		8693A0F41EF3178B00F6B88E /* AddNoteTableViewController.swift */ = {isa = PBXFileReference; fileEncoding = 4; lastKnownFileType = sourcecode.swift; path = AddNoteTableViewController.swift; sourceTree = "<group>"; };
		8693A0F61EF31A8C00F6B88E /* AddNoteRouter.swift */ = {isa = PBXFileReference; fileEncoding = 4; lastKnownFileType = sourcecode.swift; path = AddNoteRouter.swift; sourceTree = "<group>"; };
		86A8F3A61EF0DDEF00635048 /* Assets.xcassets */ = {isa = PBXFileReference; lastKnownFileType = folder.assetcatalog; path = Assets.xcassets; sourceTree = "<group>"; };
		86A8F3A81EF0DDEF00635048 /* Base */ = {isa = PBXFileReference; lastKnownFileType = file.storyboard; name = Base; path = Base.lproj/LaunchScreen.storyboard; sourceTree = "<group>"; };
		86A8F3AA1EF0DDEF00635048 /* Base */ = {isa = PBXFileReference; lastKnownFileType = file.storyboard; name = Base; path = Base.lproj/Main.storyboard; sourceTree = "<group>"; };
		86A8F3AC1EF0DDEF00635048 /* AppDelegate.swift */ = {isa = PBXFileReference; fileEncoding = 4; lastKnownFileType = sourcecode.swift; path = AppDelegate.swift; sourceTree = "<group>"; };
		86A8F3AE1EF0DDEF00635048 /* NoteLocalData.swift */ = {isa = PBXFileReference; fileEncoding = 4; lastKnownFileType = sourcecode.swift; path = NoteLocalData.swift; sourceTree = "<group>"; };
		86A8F3B01EF0DDEF00635048 /* Info.plist */ = {isa = PBXFileReference; fileEncoding = 4; lastKnownFileType = text.plist.xml; path = Info.plist; sourceTree = "<group>"; };
		86A8F3B21EF0DDEF00635048 /* NoteInteractor.swift */ = {isa = PBXFileReference; fileEncoding = 4; lastKnownFileType = sourcecode.swift; path = NoteInteractor.swift; sourceTree = "<group>"; };
		86A8F3B41EF0DDEF00635048 /* NotePresenter.swift */ = {isa = PBXFileReference; fileEncoding = 4; lastKnownFileType = sourcecode.swift; path = NotePresenter.swift; sourceTree = "<group>"; };
		86A8F3B61EF0DDEF00635048 /* NoteFormProtocol.swift */ = {isa = PBXFileReference; fileEncoding = 4; lastKnownFileType = sourcecode.swift; path = NoteFormProtocol.swift; sourceTree = "<group>"; };
		86A8F3B71EF0DDEF00635048 /* NoteInteractorProtocol.swift */ = {isa = PBXFileReference; fileEncoding = 4; lastKnownFileType = sourcecode.swift; path = NoteInteractorProtocol.swift; sourceTree = "<group>"; };
		86A8F3B81EF0DDEF00635048 /* NoteLocalDataProtocol.swift */ = {isa = PBXFileReference; fileEncoding = 4; lastKnownFileType = sourcecode.swift; path = NoteLocalDataProtocol.swift; sourceTree = "<group>"; };
		86A8F3B91EF0DDEF00635048 /* NotePresenterProtocol.swift */ = {isa = PBXFileReference; fileEncoding = 4; lastKnownFileType = sourcecode.swift; path = NotePresenterProtocol.swift; sourceTree = "<group>"; };
		86A8F3BA1EF0DDEF00635048 /* NoteRouterProtocol.swift */ = {isa = PBXFileReference; fileEncoding = 4; lastKnownFileType = sourcecode.swift; path = NoteRouterProtocol.swift; sourceTree = "<group>"; };
		86A8F3BC1EF0DDEF00635048 /* NoteRouter.swift */ = {isa = PBXFileReference; fileEncoding = 4; lastKnownFileType = sourcecode.swift; path = NoteRouter.swift; sourceTree = "<group>"; };
		86A8F3BE1EF0DDEF00635048 /* SampleIosAppViper.xcdatamodel */ = {isa = PBXFileReference; lastKnownFileType = wrapper.xcdatamodel; path = SampleIosAppViper.xcdatamodel; sourceTree = "<group>"; };
		86A8F3C01EF0DDEF00635048 /* NoteTableViewController.swift */ = {isa = PBXFileReference; fileEncoding = 4; lastKnownFileType = sourcecode.swift; path = NoteTableViewController.swift; sourceTree = "<group>"; };
		86D5DE061EF06CF400E7C470 /* SampleIosAppViper.app */ = {isa = PBXFileReference; explicitFileType = wrapper.application; includeInIndex = 0; path = SampleIosAppViper.app; sourceTree = BUILT_PRODUCTS_DIR; };
/* End PBXFileReference section */

/* Begin PBXFrameworksBuildPhase section */
		86D5DE031EF06CF400E7C470 /* Frameworks */ = {
			isa = PBXFrameworksBuildPhase;
			buildActionMask = 2147483647;
			files = (
			);
			runOnlyForDeploymentPostprocessing = 0;
		};
/* End PBXFrameworksBuildPhase section */

/* Begin PBXGroup section */
		86A8F3A51EF0DDEF00635048 /* SampleIosAppViper */ = {
			isa = PBXGroup;
			children = (
				86A8F3A61EF0DDEF00635048 /* Assets.xcassets */,
				86A8F3AB1EF0DDEF00635048 /* Common */,
				86A8F3AD1EF0DDEF00635048 /* DataManager */,
				86A8F3AF1EF0DDEF00635048 /* Entities */,
				86A8F3B01EF0DDEF00635048 /* Info.plist */,
				86A8F3B11EF0DDEF00635048 /* Interactor */,
				86A8F3B31EF0DDEF00635048 /* Presenter */,
				86A8F3B51EF0DDEF00635048 /* Protocols */,
				86A8F3BB1EF0DDEF00635048 /* Router */,
				86A8F3BF1EF0DDEF00635048 /* View */,
			);
			path = SampleIosAppViper;
			sourceTree = "<group>";
		};
		86A8F3AB1EF0DDEF00635048 /* Common */ = {
			isa = PBXGroup;
			children = (
				86A8F3AC1EF0DDEF00635048 /* AppDelegate.swift */,
			);
			path = Common;
			sourceTree = "<group>";
		};
		86A8F3AD1EF0DDEF00635048 /* DataManager */ = {
			isa = PBXGroup;
			children = (
				86A8F3BD1EF0DDEF00635048 /* SampleIosAppViper.xcdatamodeld */,
				86A8F3AE1EF0DDEF00635048 /* NoteLocalData.swift */,
			);
			path = DataManager;
			sourceTree = "<group>";
		};
		86A8F3AF1EF0DDEF00635048 /* Entities */ = {
			isa = PBXGroup;
			children = (
			);
			path = Entities;
			sourceTree = "<group>";
		};
		86A8F3B11EF0DDEF00635048 /* Interactor */ = {
			isa = PBXGroup;
			children = (
				86A8F3B21EF0DDEF00635048 /* NoteInteractor.swift */,
			);
			path = Interactor;
			sourceTree = "<group>";
		};
		86A8F3B31EF0DDEF00635048 /* Presenter */ = {
			isa = PBXGroup;
			children = (
				86A8F3B41EF0DDEF00635048 /* NotePresenter.swift */,
			);
			path = Presenter;
			sourceTree = "<group>";
		};
		86A8F3B51EF0DDEF00635048 /* Protocols */ = {
			isa = PBXGroup;
			children = (
				86A8F3B61EF0DDEF00635048 /* NoteFormProtocol.swift */,
				86A8F3B71EF0DDEF00635048 /* NoteInteractorProtocol.swift */,
				86A8F3B81EF0DDEF00635048 /* NoteLocalDataProtocol.swift */,
				86A8F3B91EF0DDEF00635048 /* NotePresenterProtocol.swift */,
				86A8F3BA1EF0DDEF00635048 /* NoteRouterProtocol.swift */,
			);
			path = Protocols;
			sourceTree = "<group>";
		};
		86A8F3BB1EF0DDEF00635048 /* Router */ = {
			isa = PBXGroup;
			children = (
				86A8F3BC1EF0DDEF00635048 /* NoteRouter.swift */,
				8693A0F61EF31A8C00F6B88E /* AddNoteRouter.swift */,
			);
			path = Router;
			sourceTree = "<group>";
		};
		86A8F3BF1EF0DDEF00635048 /* View */ = {
			isa = PBXGroup;
			children = (
				86A8F3A71EF0DDEF00635048 /* LaunchScreen.storyboard */,
				86A8F3A91EF0DDEF00635048 /* Main.storyboard */,
				86A8F3C01EF0DDEF00635048 /* NoteTableViewController.swift */,
				8693A0F41EF3178B00F6B88E /* AddNoteTableViewController.swift */,
			);
			path = View;
			sourceTree = "<group>";
		};
		86D5DDFD1EF06CF400E7C470 = {
			isa = PBXGroup;
			children = (
				86A8F3A51EF0DDEF00635048 /* SampleIosAppViper */,
				86D5DE071EF06CF400E7C470 /* Products */,
			);
			sourceTree = "<group>";
		};
		86D5DE071EF06CF400E7C470 /* Products */ = {
			isa = PBXGroup;
			children = (
				86D5DE061EF06CF400E7C470 /* SampleIosAppViper.app */,
			);
			name = Products;
			sourceTree = "<group>";
		};
/* End PBXGroup section */

/* Begin PBXNativeTarget section */
		86D5DE051EF06CF400E7C470 /* SampleIosAppViper */ = {
			isa = PBXNativeTarget;
			buildConfigurationList = 86D5DE1B1EF06CF700E7C470 /* Build configuration list for PBXNativeTarget "SampleIosAppViper" */;
			buildPhases = (
				86D5DE021EF06CF400E7C470 /* Sources */,
				86D5DE031EF06CF400E7C470 /* Frameworks */,
				86D5DE041EF06CF400E7C470 /* Resources */,
			);
			buildRules = (
			);
			dependencies = (
			);
			name = SampleIosAppViper;
			productName = SampleIosAppViper;
			productReference = 86D5DE061EF06CF400E7C470 /* SampleIosAppViper.app */;
			productType = "com.apple.product-type.application";
		};
/* End PBXNativeTarget section */

/* Begin PBXProject section */
		86D5DDFE1EF06CF400E7C470 /* Project object */ = {
			isa = PBXProject;
			attributes = {
				LastSwiftUpdateCheck = 0830;
				LastUpgradeCheck = 0830;
				ORGANIZATIONNAME = darlandev;
				TargetAttributes = {
					86D5DE051EF06CF400E7C470 = {
						CreatedOnToolsVersion = 8.3.2;
						DevelopmentTeam = DDE9FAS672;
						ProvisioningStyle = Automatic;
					};
				};
			};
			buildConfigurationList = 86D5DE011EF06CF400E7C470 /* Build configuration list for PBXProject "SampleIosAppViper" */;
			compatibilityVersion = "Xcode 3.2";
			developmentRegion = English;
			hasScannedForEncodings = 0;
			knownRegions = (
				en,
				Base,
			);
			mainGroup = 86D5DDFD1EF06CF400E7C470;
			productRefGroup = 86D5DE071EF06CF400E7C470 /* Products */;
			projectDirPath = "";
			projectRoot = "";
			targets = (
				86D5DE051EF06CF400E7C470 /* SampleIosAppViper */,
			);
		};
/* End PBXProject section */

/* Begin PBXResourcesBuildPhase section */
		86D5DE041EF06CF400E7C470 /* Resources */ = {
			isa = PBXResourcesBuildPhase;
			buildActionMask = 2147483647;
			files = (
				86A8F3C61EF0DDEF00635048 /* Info.plist in Resources */,
				86A8F3C31EF0DDEF00635048 /* Main.storyboard in Resources */,
				86A8F3C11EF0DDEF00635048 /* Assets.xcassets in Resources */,
				86A8F3C21EF0DDEF00635048 /* LaunchScreen.storyboard in Resources */,
			);
			runOnlyForDeploymentPostprocessing = 0;
		};
/* End PBXResourcesBuildPhase section */

/* Begin PBXSourcesBuildPhase section */
		86D5DE021EF06CF400E7C470 /* Sources */ = {
			isa = PBXSourcesBuildPhase;
			buildActionMask = 2147483647;
			files = (
				86A8F3CE1EF0DDEF00635048 /* NoteRouter.swift in Sources */,
				86A8F3CD1EF0DDEF00635048 /* NoteRouterProtocol.swift in Sources */,
				8693A0F71EF31A8C00F6B88E /* AddNoteRouter.swift in Sources */,
				86A8F3C81EF0DDEF00635048 /* NotePresenter.swift in Sources */,
				86A8F3C91EF0DDEF00635048 /* NoteFormProtocol.swift in Sources */,
				86A8F3CB1EF0DDEF00635048 /* NoteLocalDataProtocol.swift in Sources */,
				86A8F3CA1EF0DDEF00635048 /* NoteInteractorProtocol.swift in Sources */,
				86A8F3C71EF0DDEF00635048 /* NoteInteractor.swift in Sources */,
				86A8F3CF1EF0DDEF00635048 /* SampleIosAppViper.xcdatamodeld in Sources */,
				86A8F3C41EF0DDEF00635048 /* AppDelegate.swift in Sources */,
				8693A0F51EF3178B00F6B88E /* AddNoteTableViewController.swift in Sources */,
				86A8F3D01EF0DDEF00635048 /* NoteTableViewController.swift in Sources */,
				86A8F3CC1EF0DDEF00635048 /* NotePresenterProtocol.swift in Sources */,
				86A8F3C51EF0DDEF00635048 /* NoteLocalData.swift in Sources */,
			);
			runOnlyForDeploymentPostprocessing = 0;
		};
/* End PBXSourcesBuildPhase section */

/* Begin PBXVariantGroup section */
		86A8F3A71EF0DDEF00635048 /* LaunchScreen.storyboard */ = {
			isa = PBXVariantGroup;
			children = (
				86A8F3A81EF0DDEF00635048 /* Base */,
			);
			name = LaunchScreen.storyboard;
			path = ..;
			sourceTree = "<group>";
		};
		86A8F3A91EF0DDEF00635048 /* Main.storyboard */ = {
			isa = PBXVariantGroup;
			children = (
				86A8F3AA1EF0DDEF00635048 /* Base */,
			);
			name = Main.storyboard;
			path = ..;
			sourceTree = "<group>";
		};
/* End PBXVariantGroup section */

/* Begin XCBuildConfiguration section */
		86D5DE191EF06CF700E7C470 /* Debug */ = {
			isa = XCBuildConfiguration;
			buildSettings = {
				ALWAYS_SEARCH_USER_PATHS = NO;
				CLANG_ANALYZER_NONNULL = YES;
				CLANG_ANALYZER_NUMBER_OBJECT_CONVERSION = YES_AGGRESSIVE;
				CLANG_CXX_LANGUAGE_STANDARD = "gnu++0x";
				CLANG_CXX_LIBRARY = "libc++";
				CLANG_ENABLE_MODULES = YES;
				CLANG_ENABLE_OBJC_ARC = YES;
				CLANG_WARN_BOOL_CONVERSION = YES;
				CLANG_WARN_CONSTANT_CONVERSION = YES;
				CLANG_WARN_DIRECT_OBJC_ISA_USAGE = YES_ERROR;
				CLANG_WARN_DOCUMENTATION_COMMENTS = YES;
				CLANG_WARN_EMPTY_BODY = YES;
				CLANG_WARN_ENUM_CONVERSION = YES;
				CLANG_WARN_INFINITE_RECURSION = YES;
				CLANG_WARN_INT_CONVERSION = YES;
				CLANG_WARN_OBJC_ROOT_CLASS = YES_ERROR;
				CLANG_WARN_SUSPICIOUS_MOVE = YES;
				CLANG_WARN_UNREACHABLE_CODE = YES;
				CLANG_WARN__DUPLICATE_METHOD_MATCH = YES;
				"CODE_SIGN_IDENTITY[sdk=iphoneos*]" = "iPhone Developer";
				COPY_PHASE_STRIP = NO;
				DEBUG_INFORMATION_FORMAT = dwarf;
				ENABLE_STRICT_OBJC_MSGSEND = YES;
				ENABLE_TESTABILITY = YES;
				GCC_C_LANGUAGE_STANDARD = gnu99;
				GCC_DYNAMIC_NO_PIC = NO;
				GCC_NO_COMMON_BLOCKS = YES;
				GCC_OPTIMIZATION_LEVEL = 0;
				GCC_PREPROCESSOR_DEFINITIONS = (
					"DEBUG=1",
					"$(inherited)",
				);
				GCC_WARN_64_TO_32_BIT_CONVERSION = YES;
				GCC_WARN_ABOUT_RETURN_TYPE = YES_ERROR;
				GCC_WARN_UNDECLARED_SELECTOR = YES;
				GCC_WARN_UNINITIALIZED_AUTOS = YES_AGGRESSIVE;
				GCC_WARN_UNUSED_FUNCTION = YES;
				GCC_WARN_UNUSED_VARIABLE = YES;
				IPHONEOS_DEPLOYMENT_TARGET = 10.3;
				MTL_ENABLE_DEBUG_INFO = YES;
				ONLY_ACTIVE_ARCH = YES;
				SDKROOT = iphoneos;
				SWIFT_ACTIVE_COMPILATION_CONDITIONS = DEBUG;
				SWIFT_OPTIMIZATION_LEVEL = "-Onone";
			};
			name = Debug;
		};
		86D5DE1A1EF06CF700E7C470 /* Release */ = {
			isa = XCBuildConfiguration;
			buildSettings = {
				ALWAYS_SEARCH_USER_PATHS = NO;
				CLANG_ANALYZER_NONNULL = YES;
				CLANG_ANALYZER_NUMBER_OBJECT_CONVERSION = YES_AGGRESSIVE;
				CLANG_CXX_LANGUAGE_STANDARD = "gnu++0x";
				CLANG_CXX_LIBRARY = "libc++";
				CLANG_ENABLE_MODULES = YES;
				CLANG_ENABLE_OBJC_ARC = YES;
				CLANG_WARN_BOOL_CONVERSION = YES;
				CLANG_WARN_CONSTANT_CONVERSION = YES;
				CLANG_WARN_DIRECT_OBJC_ISA_USAGE = YES_ERROR;
				CLANG_WARN_DOCUMENTATION_COMMENTS = YES;
				CLANG_WARN_EMPTY_BODY = YES;
				CLANG_WARN_ENUM_CONVERSION = YES;
				CLANG_WARN_INFINITE_RECURSION = YES;
				CLANG_WARN_INT_CONVERSION = YES;
				CLANG_WARN_OBJC_ROOT_CLASS = YES_ERROR;
				CLANG_WARN_SUSPICIOUS_MOVE = YES;
				CLANG_WARN_UNREACHABLE_CODE = YES;
				CLANG_WARN__DUPLICATE_METHOD_MATCH = YES;
				"CODE_SIGN_IDENTITY[sdk=iphoneos*]" = "iPhone Developer";
				COPY_PHASE_STRIP = NO;
				DEBUG_INFORMATION_FORMAT = "dwarf-with-dsym";
				ENABLE_NS_ASSERTIONS = NO;
				ENABLE_STRICT_OBJC_MSGSEND = YES;
				GCC_C_LANGUAGE_STANDARD = gnu99;
				GCC_NO_COMMON_BLOCKS = YES;
				GCC_WARN_64_TO_32_BIT_CONVERSION = YES;
				GCC_WARN_ABOUT_RETURN_TYPE = YES_ERROR;
				GCC_WARN_UNDECLARED_SELECTOR = YES;
				GCC_WARN_UNINITIALIZED_AUTOS = YES_AGGRESSIVE;
				GCC_WARN_UNUSED_FUNCTION = YES;
				GCC_WARN_UNUSED_VARIABLE = YES;
				IPHONEOS_DEPLOYMENT_TARGET = 10.3;
				MTL_ENABLE_DEBUG_INFO = NO;
				SDKROOT = iphoneos;
				SWIFT_OPTIMIZATION_LEVEL = "-Owholemodule";
				VALIDATE_PRODUCT = YES;
			};
			name = Release;
		};
		86D5DE1C1EF06CF700E7C470 /* Debug */ = {
			isa = XCBuildConfiguration;
			buildSettings = {
				ASSETCATALOG_COMPILER_APPICON_NAME = AppIcon;
				DEVELOPMENT_TEAM = DDE9FAS672;
				INFOPLIST_FILE = SampleIosAppViper/Info.plist;
				LD_RUNPATH_SEARCH_PATHS = "$(inherited) @executable_path/Frameworks";
				PRODUCT_BUNDLE_IDENTIFIER = br.com.SampleIosAppViper;
				PRODUCT_NAME = "$(TARGET_NAME)";
				SWIFT_VERSION = 3.0;
			};
			name = Debug;
		};
		86D5DE1D1EF06CF700E7C470 /* Release */ = {
			isa = XCBuildConfiguration;
			buildSettings = {
				ASSETCATALOG_COMPILER_APPICON_NAME = AppIcon;
				DEVELOPMENT_TEAM = DDE9FAS672;
				INFOPLIST_FILE = SampleIosAppViper/Info.plist;
				LD_RUNPATH_SEARCH_PATHS = "$(inherited) @executable_path/Frameworks";
				PRODUCT_BUNDLE_IDENTIFIER = br.com.SampleIosAppViper;
				PRODUCT_NAME = "$(TARGET_NAME)";
				SWIFT_VERSION = 3.0;
			};
			name = Release;
		};
/* End XCBuildConfiguration section */

/* Begin XCConfigurationList section */
		86D5DE011EF06CF400E7C470 /* Build configuration list for PBXProject "SampleIosAppViper" */ = {
			isa = XCConfigurationList;
			buildConfigurations = (
				86D5DE191EF06CF700E7C470 /* Debug */,
				86D5DE1A1EF06CF700E7C470 /* Release */,
			);
			defaultConfigurationIsVisible = 0;
			defaultConfigurationName = Release;
		};
		86D5DE1B1EF06CF700E7C470 /* Build configuration list for PBXNativeTarget "SampleIosAppViper" */ = {
			isa = XCConfigurationList;
			buildConfigurations = (
				86D5DE1C1EF06CF700E7C470 /* Debug */,
				86D5DE1D1EF06CF700E7C470 /* Release */,
			);
			defaultConfigurationIsVisible = 0;
			defaultConfigurationName = Release;
		};
/* End XCConfigurationList section */

/* Begin XCVersionGroup section */
		86A8F3BD1EF0DDEF00635048 /* SampleIosAppViper.xcdatamodeld */ = {
			isa = XCVersionGroup;
			children = (
				86A8F3BE1EF0DDEF00635048 /* SampleIosAppViper.xcdatamodel */,
			);
			currentVersion = 86A8F3BE1EF0DDEF00635048 /* SampleIosAppViper.xcdatamodel */;
			name = SampleIosAppViper.xcdatamodeld;
			path = ../SampleIosAppViper.xcdatamodeld;
			sourceTree = "<group>";
			versionGroupType = wrapper.xcdatamodel;
		};
/* End XCVersionGroup section */
	};
	rootObject = 86D5DDFE1EF06CF400E7C470 /* Project object */;
}
